
Microsoft Visual Studio Solution File, Format Version 12.00
# Visual Studio Version 16
VisualStudioVersion = 16.0.31424.327
MinimumVisualStudioVersion = 10.0.40219.1
Project("{FAE04EC0-301F-11D3-BF4B-00C04F79EFBC}") = "Esercizio_23.7", "Esercizio_23.7\Esercizio_23.7.csproj", "{07A462A7-ED8E-4F1D-A50D-8253B5E76CEE}"
EndProject
Global
	GlobalSection(SolutionConfigurationPlatforms) = preSolution
		Debug|Any CPU = Debug|Any CPU
		Release|Any CPU = Release|Any CPU
	EndGlobalSection
	GlobalSection(ProjectConfigurationPlatforms) = postSolution
		{07A462A7-ED8E-4F1D-A50D-8253B5E76CEE}.Debug|Any CPU.ActiveCfg = Debug|Any CPU
		{07A462A7-ED8E-4F1D-A50D-8253B5E76CEE}.Debug|Any CPU.Build.0 = Debug|Any CPU
		{07A462A7-ED8E-4F1D-A50D-8253B5E76CEE}.Release|Any CPU.ActiveCfg = Release|Any CPU
		{07A462A7-ED8E-4F1D-A50D-8253B5E76CEE}.Release|Any CPU.Build.0 = Release|Any CPU
	EndGlobalSection
	GlobalSection(SolutionProperties) = preSolution
		HideSolutionNode = FALSE
	EndGlobalSection
	GlobalSection(ExtensibilityGlobals) = postSolution
		SolutionGuid = {99D0C0A4-7F3E-45FC-8856-6C08AFCCEDA9}
	EndGlobalSection
EndGlobal
